// !$*UTF8*$!
{
	archiveVersion = 1;
	classes = {
	};
	objectVersion = 50;
	objects = {

/* Begin PBXBuildFile section */
		8ECAC5BB22CB51C10081BF7A /* AppDelegate.swift in Sources */ = {isa = PBXBuildFile; fileRef = 8ECAC5BA22CB51C10081BF7A /* AppDelegate.swift */; };
		8ECAC5BD22CB51C10081BF7A /* ViewController.swift in Sources */ = {isa = PBXBuildFile; fileRef = 8ECAC5BC22CB51C10081BF7A /* ViewController.swift */; };
		8ECAC5C022CB51C10081BF7A /* Main.storyboard in Resources */ = {isa = PBXBuildFile; fileRef = 8ECAC5BE22CB51C10081BF7A /* Main.storyboard */; };
		8ECAC5C322CB51C10081BF7A /* HandsOnExerciseLocalData.xcdatamodeld in Sources */ = {isa = PBXBuildFile; fileRef = 8ECAC5C122CB51C10081BF7A /* HandsOnExerciseLocalData.xcdatamodeld */; };
		8ECAC5C522CB51C40081BF7A /* Assets.xcassets in Resources */ = {isa = PBXBuildFile; fileRef = 8ECAC5C422CB51C40081BF7A /* Assets.xcassets */; };
		8ECAC5C822CB51C40081BF7A /* LaunchScreen.storyboard in Resources */ = {isa = PBXBuildFile; fileRef = 8ECAC5C622CB51C40081BF7A /* LaunchScreen.storyboard */; };
/* End PBXBuildFile section */

/* Begin PBXFileReference section */
		8ECAC5B722CB51C10081BF7A /* HandsOnExerciseLocalData.app */ = {isa = PBXFileReference; explicitFileType = wrapper.application; includeInIndex = 0; path = HandsOnExerciseLocalData.app; sourceTree = BUILT_PRODUCTS_DIR; };
		8ECAC5BA22CB51C10081BF7A /* AppDelegate.swift */ = {isa = PBXFileReference; lastKnownFileType = sourcecode.swift; path = AppDelegate.swift; sourceTree = "<group>"; };
		8ECAC5BC22CB51C10081BF7A /* ViewController.swift */ = {isa = PBXFileReference; lastKnownFileType = sourcecode.swift; path = ViewController.swift; sourceTree = "<group>"; };
		8ECAC5BF22CB51C10081BF7A /* Base */ = {isa = PBXFileReference; lastKnownFileType = file.storyboard; name = Base; path = Base.lproj/Main.storyboard; sourceTree = "<group>"; };
		8ECAC5C222CB51C10081BF7A /* HandsOnExerciseLocalData.xcdatamodel */ = {isa = PBXFileReference; lastKnownFileType = wrapper.xcdatamodel; path = HandsOnExerciseLocalData.xcdatamodel; sourceTree = "<group>"; };
		8ECAC5C422CB51C40081BF7A /* Assets.xcassets */ = {isa = PBXFileReference; lastKnownFileType = folder.assetcatalog; path = Assets.xcassets; sourceTree = "<group>"; };
		8ECAC5C722CB51C40081BF7A /* Base */ = {isa = PBXFileReference; lastKnownFileType = file.storyboard; name = Base; path = Base.lproj/LaunchScreen.storyboard; sourceTree = "<group>"; };
		8ECAC5C922CB51C40081BF7A /* Info.plist */ = {isa = PBXFileReference; lastKnownFileType = text.plist.xml; path = Info.plist; sourceTree = "<group>"; };
/* End PBXFileReference section */

/* Begin PBXFrameworksBuildPhase section */
		8ECAC5B422CB51C10081BF7A /* Frameworks */ = {
			isa = PBXFrameworksBuildPhase;
			buildActionMask = 2147483647;
			files = (
			);
			runOnlyForDeploymentPostprocessing = 0;
		};
/* End PBXFrameworksBuildPhase section */

/* Begin PBXGroup section */
		8ECAC5AE22CB51C10081BF7A = {
			isa = PBXGroup;
			children = (
				8ECAC5B922CB51C10081BF7A /* HandsOnExerciseLocalData */,
				8ECAC5B822CB51C10081BF7A /* Products */,
			);
			sourceTree = "<group>";
		};
		8ECAC5B822CB51C10081BF7A /* Products */ = {
			isa = PBXGroup;
			children = (
				8ECAC5B722CB51C10081BF7A /* HandsOnExerciseLocalData.app */,
			);
			name = Products;
			sourceTree = "<group>";
		};
		8ECAC5B922CB51C10081BF7A /* HandsOnExerciseLocalData */ = {
			isa = PBXGroup;
			children = (
				8ECAC5BA22CB51C10081BF7A /* AppDelegate.swift */,
				8ECAC5BC22CB51C10081BF7A /* ViewController.swift */,
				8ECAC5BE22CB51C10081BF7A /* Main.storyboard */,
				8ECAC5C422CB51C40081BF7A /* Assets.xcassets */,
				8ECAC5C622CB51C40081BF7A /* LaunchScreen.storyboard */,
				8ECAC5C922CB51C40081BF7A /* Info.plist */,
				8ECAC5C122CB51C10081BF7A /* HandsOnExerciseLocalData.xcdatamodeld */,
			);
			path = HandsOnExerciseLocalData;
			sourceTree = "<group>";
		};
/* End PBXGroup section */

/* Begin PBXNativeTarget section */
		8ECAC5B622CB51C10081BF7A /* HandsOnExerciseLocalData */ = {
			isa = PBXNativeTarget;
			buildConfigurationList = 8ECAC5CC22CB51C40081BF7A /* Build configuration list for PBXNativeTarget "HandsOnExerciseLocalData" */;
			buildPhases = (
				8ECAC5B322CB51C10081BF7A /* Sources */,
				8ECAC5B422CB51C10081BF7A /* Frameworks */,
				8ECAC5B522CB51C10081BF7A /* Resources */,
			);
			buildRules = (
			);
			dependencies = (
			);
			name = HandsOnExerciseLocalData;
			productName = HandsOnExerciseLocalData;
			productReference = 8ECAC5B722CB51C10081BF7A /* HandsOnExerciseLocalData.app */;
			productType = "com.apple.product-type.application";
		};
/* End PBXNativeTarget section */

/* Begin PBXProject section */
		8ECAC5AF22CB51C10081BF7A /* Project object */ = {
			isa = PBXProject;
			attributes = {
				LastSwiftUpdateCheck = 1020;
				LastUpgradeCheck = 1020;
				ORGANIZATIONNAME = "Indra Sumawi";
				TargetAttributes = {
					8ECAC5B622CB51C10081BF7A = {
						CreatedOnToolsVersion = 10.2.1;
					};
				};
			};
			buildConfigurationList = 8ECAC5B222CB51C10081BF7A /* Build configuration list for PBXProject "HandsOnExerciseLocalData" */;
			compatibilityVersion = "Xcode 9.3";
			developmentRegion = en;
			hasScannedForEncodings = 0;
			knownRegions = (
				en,
				Base,
			);
			mainGroup = 8ECAC5AE22CB51C10081BF7A;
			productRefGroup = 8ECAC5B822CB51C10081BF7A /* Products */;
			projectDirPath = "";
			projectRoot = "";
			targets = (
				8ECAC5B622CB51C10081BF7A /* HandsOnExerciseLocalData */,
			);
		};
/* End PBXProject section */

/* Begin PBXResourcesBuildPhase section */
		8ECAC5B522CB51C10081BF7A /* Resources */ = {
			isa = PBXResourcesBuildPhase;
			buildActionMask = 2147483647;
			files = (
				8ECAC5C822CB51C40081BF7A /* LaunchScreen.storyboard in Resources */,
				8ECAC5C522CB51C40081BF7A /* Assets.xcassets in Resources */,
				8ECAC5C022CB51C10081BF7A /* Main.storyboard in Resources */,
			);
			runOnlyForDeploymentPostprocessing = 0;
		};
/* End PBXResourcesBuildPhase section */

/* Begin PBXSourcesBuildPhase section */
		8ECAC5B322CB51C10081BF7A /* Sources */ = {
			isa = PBXSourcesBuildPhase;
			buildActionMask = 2147483647;
			files = (
				8ECAC5BD22CB51C10081BF7A /* ViewController.swift in Sources */,
				8ECAC5C322CB51C10081BF7A /* HandsOnExerciseLocalData.xcdatamodeld in Sources */,
				8ECAC5BB22CB51C10081BF7A /* AppDelegate.swift in Sources */,
			);
			runOnlyForDeploymentPostprocessing = 0;
		};
/* End PBXSourcesBuildPhase section */

/* Begin PBXVariantGroup section */
		8ECAC5BE22CB51C10081BF7A /* Main.storyboard */ = {
			isa = PBXVariantGroup;
			children = (
				8ECAC5BF22CB51C10081BF7A /* Base */,
			);
			name = Main.storyboard;
			sourceTree = "<group>";
		};
		8ECAC5C622CB51C40081BF7A /* LaunchScreen.storyboard */ = {
			isa = PBXVariantGroup;
			children = (
				8ECAC5C722CB51C40081BF7A /* Base */,
			);
			name = LaunchScreen.storyboard;
			sourceTree = "<group>";
		};
/* End PBXVariantGroup section */

/* Begin XCBuildConfiguration section */
		8ECAC5CA22CB51C40081BF7A /* Debug */ = {
			isa = XCBuildConfiguration;
			buildSettings = {
				ALWAYS_SEARCH_USER_PATHS = NO;
				CLANG_ANALYZER_NONNULL = YES;
				CLANG_ANALYZER_NUMBER_OBJECT_CONVERSION = YES_AGGRESSIVE;
				CLANG_CXX_LANGUAGE_STANDARD = "gnu++14";
				CLANG_CXX_LIBRARY = "libc++";
				CLANG_ENABLE_MODULES = YES;
				CLANG_ENABLE_OBJC_ARC = YES;
				CLANG_ENABLE_OBJC_WEAK = YES;
				CLANG_WARN_BLOCK_CAPTURE_AUTORELEASING = YES;
				CLANG_WARN_BOOL_CONVERSION = YES;
				CLANG_WARN_COMMA = YES;
				CLANG_WARN_CONSTANT_CONVERSION = YES;
				CLANG_WARN_DEPRECATED_OBJC_IMPLEMENTATIONS = YES;
				CLANG_WARN_DIRECT_OBJC_ISA_USAGE = YES_ERROR;
				CLANG_WARN_DOCUMENTATION_COMMENTS = YES;
				CLANG_WARN_EMPTY_BODY = YES;
				CLANG_WARN_ENUM_CONVERSION = YES;
				CLANG_WARN_INFINITE_RECURSION = YES;
				CLANG_WARN_INT_CONVERSION = YES;
				CLANG_WARN_NON_LITERAL_NULL_CONVERSION = YES;
				CLANG_WARN_OBJC_IMPLICIT_RETAIN_SELF = YES;
				CLANG_WARN_OBJC_LITERAL_CONVERSION = YES;
				CLANG_WARN_OBJC_ROOT_CLASS = YES_ERROR;
				CLANG_WARN_RANGE_LOOP_ANALYSIS = YES;
				CLANG_WARN_STRICT_PROTOTYPES = YES;
				CLANG_WARN_SUSPICIOUS_MOVE = YES;
				CLANG_WARN_UNGUARDED_AVAILABILITY = YES_AGGRESSIVE;
				CLANG_WARN_UNREACHABLE_CODE = YES;
				CLANG_WARN__DUPLICATE_METHOD_MATCH = YES;
				CODE_SIGN_IDENTITY = "iPhone Developer";
				COPY_PHASE_STRIP = NO;
				DEBUG_INFORMATION_FORMAT = dwarf;
				ENABLE_STRICT_OBJC_MSGSEND = YES;
				ENABLE_TESTABILITY = YES;
				GCC_C_LANGUAGE_STANDARD = gnu11;
				GCC_DYNAMIC_NO_PIC = NO;
				GCC_NO_COMMON_BLOCKS = YES;
				GCC_OPTIMIZATION_LEVEL = 0;
				GCC_PREPROCESSOR_DEFINITIONS = (
					"DEBUG=1",
					"$(inherited)",
				);
				GCC_WARN_64_TO_32_BIT_CONVERSION = YES;
				GCC_WARN_ABOUT_RETURN_TYPE = YES_ERROR;
				GCC_WARN_UNDECLARED_SELECTOR = YES;
				GCC_WARN_UNINITIALIZED_AUTOS = YES_AGGRESSIVE;
				GCC_WARN_UNUSED_FUNCTION = YES;
				GCC_WARN_UNUSED_VARIABLE = YES;
				IPHONEOS_DEPLOYMENT_TARGET = 12.2;
				MTL_ENABLE_DEBUG_INFO = INCLUDE_SOURCE;
				MTL_FAST_MATH = YES;
				ONLY_ACTIVE_ARCH = YES;
				SDKROOT = iphoneos;
				SWIFT_ACTIVE_COMPILATION_CONDITIONS = DEBUG;
				SWIFT_OPTIMIZATION_LEVEL = "-Onone";
			};
			name = Debug;
		};
		8ECAC5CB22CB51C40081BF7A /* Release */ = {
			isa = XCBuildConfiguration;
			buildSettings = {
				ALWAYS_SEARCH_USER_PATHS = NO;
				CLANG_ANALYZER_NONNULL = YES;
				CLANG_ANALYZER_NUMBER_OBJECT_CONVERSION = YES_AGGRESSIVE;
				CLANG_CXX_LANGUAGE_STANDARD = "gnu++14";
				CLANG_CXX_LIBRARY = "libc++";
				CLANG_ENABLE_MODULES = YES;
				CLANG_ENABLE_OBJC_ARC = YES;
				CLANG_ENABLE_OBJC_WEAK = YES;
				CLANG_WARN_BLOCK_CAPTURE_AUTORELEASING = YES;
				CLANG_WARN_BOOL_CONVERSION = YES;
				CLANG_WARN_COMMA = YES;
				CLANG_WARN_CONSTANT_CONVERSION = YES;
				CLANG_WARN_DEPRECATED_OBJC_IMPLEMENTATIONS = YES;
				CLANG_WARN_DIRECT_OBJC_ISA_USAGE = YES_ERROR;
				CLANG_WARN_DOCUMENTATION_COMMENTS = YES;
				CLANG_WARN_EMPTY_BODY = YES;
				CLANG_WARN_ENUM_CONVERSION = YES;
				CLANG_WARN_INFINITE_RECURSION = YES;
				CLANG_WARN_INT_CONVERSION = YES;
				CLANG_WARN_NON_LITERAL_NULL_CONVERSION = YES;
				CLANG_WARN_OBJC_IMPLICIT_RETAIN_SELF = YES;
				CLANG_WARN_OBJC_LITERAL_CONVERSION = YES;
				CLANG_WARN_OBJC_ROOT_CLASS = YES_ERROR;
				CLANG_WARN_RANGE_LOOP_ANALYSIS = YES;
				CLANG_WARN_STRICT_PROTOTYPES = YES;
				CLANG_WARN_SUSPICIOUS_MOVE = YES;
				CLANG_WARN_UNGUARDED_AVAILABILITY = YES_AGGRESSIVE;
				CLANG_WARN_UNREACHABLE_CODE = YES;
				CLANG_WARN__DUPLICATE_METHOD_MATCH = YES;
				CODE_SIGN_IDENTITY = "iPhone Developer";
				COPY_PHASE_STRIP = NO;
				DEBUG_INFORMATION_FORMAT = "dwarf-with-dsym";
				ENABLE_NS_ASSERTIONS = NO;
				ENABLE_STRICT_OBJC_MSGSEND = YES;
				GCC_C_LANGUAGE_STANDARD = gnu11;
				GCC_NO_COMMON_BLOCKS = YES;
				GCC_WARN_64_TO_32_BIT_CONVERSION = YES;
				GCC_WARN_ABOUT_RETURN_TYPE = YES_ERROR;
				GCC_WARN_UNDECLARED_SELECTOR = YES;
				GCC_WARN_UNINITIALIZED_AUTOS = YES_AGGRESSIVE;
				GCC_WARN_UNUSED_FUNCTION = YES;
				GCC_WARN_UNUSED_VARIABLE = YES;
				IPHONEOS_DEPLOYMENT_TARGET = 12.2;
				MTL_ENABLE_DEBUG_INFO = NO;
				MTL_FAST_MATH = YES;
				SDKROOT = iphoneos;
				SWIFT_COMPILATION_MODE = wholemodule;
				SWIFT_OPTIMIZATION_LEVEL = "-O";
				VALIDATE_PRODUCT = YES;
			};
			name = Release;
		};
		8ECAC5CD22CB51C40081BF7A /* Debug */ = {
			isa = XCBuildConfiguration;
			buildSettings = {
				ASSETCATALOG_COMPILER_APPICON_NAME = AppIcon;
				CODE_SIGN_STYLE = Automatic;
				DEVELOPMENT_TEAM = 26R5URXZ3V;
				INFOPLIST_FILE = HandsOnExerciseLocalData/Info.plist;
				LD_RUNPATH_SEARCH_PATHS = (
					"$(inherited)",
					"@executable_path/Frameworks",
				);
				PRODUCT_BUNDLE_IDENTIFIER = com.indra.HandsOnExerciseLocalData;
				PRODUCT_NAME = "$(TARGET_NAME)";
				SWIFT_VERSION = 5.0;
				TARGETED_DEVICE_FAMILY = "1,2";
			};
			name = Debug;
		};
		8ECAC5CE22CB51C40081BF7A /* Release */ = {
			isa = XCBuildConfiguration;
			buildSettings = {
				ASSETCATALOG_COMPILER_APPICON_NAME = AppIcon;
				CODE_SIGN_STYLE = Automatic;
				DEVELOPMENT_TEAM = 26R5URXZ3V;
				INFOPLIST_FILE = HandsOnExerciseLocalData/Info.plist;
				LD_RUNPATH_SEARCH_PATHS = (
					"$(inherited)",
					"@executable_path/Frameworks",
				);
				PRODUCT_BUNDLE_IDENTIFIER = com.indra.HandsOnExerciseLocalData;
				PRODUCT_NAME = "$(TARGET_NAME)";
				SWIFT_VERSION = 5.0;
				TARGETED_DEVICE_FAMILY = "1,2";
			};
			name = Release;
		};
/* End XCBuildConfiguration section */

/* Begin XCConfigurationList section */
		8ECAC5B222CB51C10081BF7A /* Build configuration list for PBXProject "HandsOnExerciseLocalData" */ = {
			isa = XCConfigurationList;
			buildConfigurations = (
				8ECAC5CA22CB51C40081BF7A /* Debug */,
				8ECAC5CB22CB51C40081BF7A /* Release */,
			);
			defaultConfigurationIsVisible = 0;
			defaultConfigurationName = Release;
		};
		8ECAC5CC22CB51C40081BF7A /* Build configuration list for PBXNativeTarget "HandsOnExerciseLocalData" */ = {
			isa = XCConfigurationList;
			buildConfigurations = (
				8ECAC5CD22CB51C40081BF7A /* Debug */,
				8ECAC5CE22CB51C40081BF7A /* Release */,
			);
			defaultConfigurationIsVisible = 0;
			defaultConfigurationName = Release;
		};
/* End XCConfigurationList section */

/* Begin XCVersionGroup section */
		8ECAC5C122CB51C10081BF7A /* HandsOnExerciseLocalData.xcdatamodeld */ = {
			isa = XCVersionGroup;
			children = (
				8ECAC5C222CB51C10081BF7A /* HandsOnExerciseLocalData.xcdatamodel */,
			);
			currentVersion = 8ECAC5C222CB51C10081BF7A /* HandsOnExerciseLocalData.xcdatamodel */;
			path = HandsOnExerciseLocalData.xcdatamodeld;
			sourceTree = "<group>";
			versionGroupType = wrapper.xcdatamodel;
		};
/* End XCVersionGroup section */
	};
	rootObject = 8ECAC5AF22CB51C10081BF7A /* Project object */;
}
